{
    "_readme": [
        "This file locks the dependencies of your project to a known state",
        "Read more about it at https://getcomposer.org/doc/01-basic-usage.md#installing-dependencies",
        "This file is @generated automatically"
    ],
    "content-hash": "a7a4c9734ea43e84f23153f8ced428a2",
    "packages": [
        {
            "name": "mongodb/mongodb",
            "version": "1.6.0",
            "source": {
                "type": "git",
                "url": "https://github.com/mongodb/mongo-php-library.git",
                "reference": "dc43ba25fb593d6a2988e6a535b6f5386eda5b15"
            },
            "dist": {
                "type": "zip",
                "url": "https://api.github.com/repos/mongodb/mongo-php-library/zipball/dc43ba25fb593d6a2988e6a535b6f5386eda5b15",
                "reference": "dc43ba25fb593d6a2988e6a535b6f5386eda5b15",
                "shasum": "",
                "mirrors": [
                    {
                        "url": "https://mirrors.aliyun.com/composer/dists/%package%/%reference%.%type%",
                        "preferred": true
                    }
                ]
            },
            "require": {
                "ext-hash": "*",
                "ext-json": "*",
                "ext-mongodb": "^1.7",
                "php": "^5.6 || ^7.0"
            },
            "require-dev": {
                "phpunit/phpunit": "^5.7.27 || ^6.4 || ^8.3",
                "sebastian/comparator": "^1.0 || ^2.0 || ^3.0",
                "squizlabs/php_codesniffer": "^3.4",
                "symfony/phpunit-bridge": "^4.4@dev"
            },
            "type": "library",
            "extra": {
                "branch-alias": {
                    "dev-master": "1.6.x-dev"
                }
            },
            "autoload": {
                "psr-4": {
                    "MongoDB\\": "src/"
                },
                "files": [
                    "src/functions.php"
                ]
            },
            "notification-url": "https://packagist.org/downloads/",
            "license": [
                "Apache-2.0"
            ],
            "authors": [
                {
                    "name": "Andreas Braun",
                    "email": "andreas.braun@mongodb.com"
                },
                {
                    "name": "Jeremy Mikola",
                    "email": "jmikola@gmail.com"
                },
                {
                    "name": "Katherine Walker",
                    "email": "katherine.walker@mongodb.com"
                }
            ],
            "description": "MongoDB driver library",
            "homepage": "https://jira.mongodb.org/browse/PHPLIB",
            "keywords": [
                "database",
                "driver",
                "mongodb",
                "persistence"
            ],
            "time": "2020-02-04T18:16:35+00:00"
        },
        {
            "name": "opis/closure",
            "version": "3.5.5",
            "source": {
                "type": "git",
                "url": "https://github.com/opis/closure.git",
                "reference": "dec9fc5ecfca93f45cd6121f8e6f14457dff372c"
            },
            "dist": {
                "type": "zip",
                "url": "https://api.github.com/repos/opis/closure/zipball/dec9fc5ecfca93f45cd6121f8e6f14457dff372c",
                "reference": "dec9fc5ecfca93f45cd6121f8e6f14457dff372c",
                "shasum": "",
                "mirrors": [
                    {
                        "url": "https://mirrors.aliyun.com/composer/dists/%package%/%reference%.%type%",
                        "preferred": true
                    }
                ]
            },
            "require": {
                "php": "^5.4 || ^7.0"
            },
            "require-dev": {
                "jeremeamia/superclosure": "^2.0",
                "phpunit/phpunit": "^4.0 || ^5.0 || ^6.0 || ^7.0"
            },
            "type": "library",
            "extra": {
                "branch-alias": {
                    "dev-master": "3.5.x-dev"
                }
            },
            "autoload": {
                "psr-4": {
                    "Opis\\Closure\\": "src/"
                },
                "files": [
                    "functions.php"
                ]
            },
            "notification-url": "https://packagist.org/downloads/",
            "license": [
                "MIT"
            ],
            "authors": [
                {
                    "name": "Marius Sarca",
                    "email": "marius.sarca@gmail.com"
                },
                {
                    "name": "Sorin Sarca",
                    "email": "sarca_sorin@hotmail.com"
                }
            ],
            "description": "A library that can be used to serialize closures (anonymous functions) and arbitrary objects.",
            "homepage": "https://opis.io/closure",
            "keywords": [
                "anonymous functions",
                "closure",
                "function",
                "serializable",
                "serialization",
                "serialize"
            ],
            "time": "2020-06-17T14:59:55+00:00"
        },
        {
            "name": "php-di/invoker",
            "version": "2.0.0",
            "source": {
                "type": "git",
                "url": "https://github.com/PHP-DI/Invoker.git",
                "reference": "540c27c86f663e20fe39a24cd72fa76cdb21d41a"
            },
            "dist": {
                "type": "zip",
                "url": "https://api.github.com/repos/PHP-DI/Invoker/zipball/540c27c86f663e20fe39a24cd72fa76cdb21d41a",
                "reference": "540c27c86f663e20fe39a24cd72fa76cdb21d41a",
                "shasum": "",
                "mirrors": [
                    {
                        "url": "https://mirrors.aliyun.com/composer/dists/%package%/%reference%.%type%",
                        "preferred": true
                    }
                ]
            },
            "require": {
                "psr/container": "~1.0"
            },
            "require-dev": {
                "athletic/athletic": "~0.1.8",
                "phpunit/phpunit": "~4.5"
            },
            "type": "library",
            "autoload": {
                "psr-4": {
                    "Invoker\\": "src/"
                }
            },
            "notification-url": "https://packagist.org/downloads/",
            "license": [
                "MIT"
            ],
            "description": "Generic and extensible callable invoker",
            "homepage": "https://github.com/PHP-DI/Invoker",
            "keywords": [
                "callable",
                "dependency",
                "dependency-injection",
                "injection",
                "invoke",
                "invoker"
            ],
            "time": "2017-03-20T19:28:22+00:00"
        },
        {
            "name": "php-di/php-di",
            "version": "6.2.1",
            "source": {
                "type": "git",
                "url": "https://github.com/PHP-DI/PHP-DI.git",
                "reference": "6875fe557c244b3830862c072c7719ca4ac2efe4"
            },
            "dist": {
                "type": "zip",
                "url": "https://api.github.com/repos/PHP-DI/PHP-DI/zipball/6875fe557c244b3830862c072c7719ca4ac2efe4",
                "reference": "6875fe557c244b3830862c072c7719ca4ac2efe4",
                "shasum": "",
                "mirrors": [
                    {
                        "url": "https://mirrors.aliyun.com/composer/dists/%package%/%reference%.%type%",
                        "preferred": true
                    }
                ]
            },
            "require": {
                "opis/closure": "^3.5.5",
                "php": ">=7.2.0",
                "php-di/invoker": "^2.0",
                "php-di/phpdoc-reader": "^2.0.1",
                "psr/container": "^1.0"
            },
            "provide": {
                "psr/container-implementation": "^1.0"
            },
            "require-dev": {
                "doctrine/annotations": "~1.2",
                "friendsofphp/php-cs-fixer": "^2.4",
                "mnapoli/phpunit-easymock": "^1.2",
                "ocramius/proxy-manager": "~2.0.2",
                "phpstan/phpstan": "^0.12",
                "phpunit/phpunit": "^8.5"
            },
            "suggest": {
                "doctrine/annotations": "Install it if you want to use annotations (version ~1.2)",
                "ocramius/proxy-manager": "Install it if you want to use lazy injection (version ~2.0)"
            },
            "type": "library",
            "autoload": {
                "psr-4": {
                    "DI\\": "src/"
                },
                "files": [
                    "src/functions.php"
                ]
            },
            "notification-url": "https://packagist.org/downloads/",
            "license": [
                "MIT"
            ],
            "description": "The dependency injection container for humans",
            "homepage": "https://php-di.org/",
            "keywords": [
                "PSR-11",
                "container",
                "container-interop",
                "dependency injection",
                "di",
                "ioc",
                "psr11"
            ],
            "funding": [
                {
                    "url": "https://github.com/mnapoli",
                    "type": "github"
                },
                {
                    "url": "https://tidelift.com/funding/github/packagist/php-di/php-di",
                    "type": "tidelift"
                }
            ],
            "time": "2020-06-18T09:54:32+00:00"
        },
        {
            "name": "php-di/phpdoc-reader",
            "version": "2.1.1",
            "source": {
                "type": "git",
                "url": "https://github.com/PHP-DI/PhpDocReader.git",
                "reference": "15678f7451c020226807f520efb867ad26fbbfcf"
            },
            "dist": {
                "type": "zip",
                "url": "https://api.github.com/repos/PHP-DI/PhpDocReader/zipball/15678f7451c020226807f520efb867ad26fbbfcf",
                "reference": "15678f7451c020226807f520efb867ad26fbbfcf",
                "shasum": "",
                "mirrors": [
                    {
                        "url": "https://mirrors.aliyun.com/composer/dists/%package%/%reference%.%type%",
                        "preferred": true
                    }
                ]
            },
            "require": {
                "php": ">=5.4.0"
            },
            "require-dev": {
                "phpunit/phpunit": "~4.6"
            },
            "type": "library",
            "autoload": {
                "psr-4": {
                    "PhpDocReader\\": "src/PhpDocReader"
                }
            },
            "notification-url": "https://packagist.org/downloads/",
            "license": [
                "MIT"
            ],
            "description": "PhpDocReader parses @var and @param values in PHP docblocks (supports namespaced class names with the same resolution rules as PHP)",
            "keywords": [
                "phpdoc",
                "reflection"
            ],
            "time": "2019-09-26T11:24:58+00:00"
        },
        {
            "name": "psr/container",
            "version": "1.0.0",
            "source": {
                "type": "git",
                "url": "https://github.com/php-fig/container.git",
                "reference": "b7ce3b176482dbbc1245ebf52b181af44c2cf55f"
            },
            "dist": {
                "type": "zip",
                "url": "https://api.github.com/repos/php-fig/container/zipball/b7ce3b176482dbbc1245ebf52b181af44c2cf55f",
                "reference": "b7ce3b176482dbbc1245ebf52b181af44c2cf55f",
                "shasum": "",
                "mirrors": [
                    {
                        "url": "https://mirrors.aliyun.com/composer/dists/%package%/%reference%.%type%",
                        "preferred": true
                    }
                ]
            },
            "require": {
                "php": ">=5.3.0"
            },
            "type": "library",
            "extra": {
                "branch-alias": {
                    "dev-master": "1.0.x-dev"
                }
            },
            "autoload": {
                "psr-4": {
                    "Psr\\Container\\": "src/"
                }
            },
            "notification-url": "https://packagist.org/downloads/",
            "license": [
                "MIT"
            ],
            "authors": [
                {
                    "name": "PHP-FIG",
                    "homepage": "http://www.php-fig.org/"
                }
            ],
            "description": "Common Container Interface (PHP FIG PSR-11)",
            "homepage": "https://github.com/php-fig/container",
            "keywords": [
                "PSR-11",
                "container",
                "container-interface",
                "container-interop",
                "psr"
            ],
            "time": "2017-02-14T16:28:37+00:00"
        }
    ],
    "packages-dev": [
        {
            "name": "eaglewu/swoole-ide-helper",
            "version": "dev-master",
            "source": {
                "type": "git",
                "url": "https://github.com/wudi/swoole-ide-helper.git",
                "reference": "ba412e04e031f95295ea8b59bb13cc04df3ba02d"
            },
            "dist": {
                "type": "zip",
                "url": "https://api.github.com/repos/wudi/swoole-ide-helper/zipball/ba412e04e031f95295ea8b59bb13cc04df3ba02d",
                "reference": "ba412e04e031f95295ea8b59bb13cc04df3ba02d",
                "shasum": "",
                "mirrors": [
                    {
                        "url": "https://mirrors.aliyun.com/composer/dists/%package%/%reference%.%type%",
                        "preferred": true
                    }
                ]
            },
            "require": {
                "php": ">=7.0"
            },
            "type": "library",
            "notification-url": "https://packagist.org/downloads/",
            "license": [
                "MIT"
            ],
            "authors": [
                {
                    "name": "eagle",
                    "email": "eaglewudi@gmail.com",
                    "role": "lead"
                }
            ],
            "description": "Swoole IDE Helper, to improve auto-completion",
            "keywords": [
                "autocomplete",
                "codeintel",
                "helper",
                "ide",
                "netbeans",
                "phpdoc",
                "phpstorm",
                "sublime",
                "swoole"
            ],
            "time": "2020-05-05T04:26:10+00:00"
        }
    ],
    "aliases": [],
    "minimum-stability": "stable",
    "stability-flags": {
        "eaglewu/swoole-ide-helper": 20
    },
    "prefer-stable": false,
    "prefer-lowest": false,
    "platform": {
        "php": "~7.2",
        "ext-swoole": ">=4.0"
    },
    "platform-dev": {
        "php": "^7.2"
    },
    "plugin-api-version": "1.1.0"
}
